PODS:
  - advanced_in_app_review (0.0.1):
    - Flutter
  - connectivity_plus (0.0.1):
    - Flutter
  - Flutter (1.0.0)
  - Google-Mobile-Ads-SDK (11.13.0):
    - GoogleUserMessagingPlatform (>= 1.1)
  - google_mobile_ads (5.3.1):
    - Flutter
    - Google-Mobile-Ads-SDK (~> 11.13.0)
    - webview_flutter_wkwebview
  - GoogleUserMessagingPlatform (3.0.0)
  - image_picker_ios (0.0.1):
    - Flutter
  - in_app_purchase_storekit (0.0.1):
    - Flutter
    - FlutterMacOS
  - in_app_review (2.0.0):
    - Flutter
  - path_provider_foundation (0.0.1):
    - Flutter
    - FlutterMacOS
  - share_plus (0.0.1):
    - Flutter
  - shared_preferences_foundation (0.0.1):
    - Flutter
    - FlutterMacOS
  - url_launcher_ios (0.0.1):
    - Flutter
  - webview_flutter_wkwebview (0.0.1):
    - Flutter
    - FlutterMacOS

DEPENDENCIES:
  - advanced_in_app_review (from `.symlinks/plugins/advanced_in_app_review/ios`)
  - connectivity_plus (from `.symlinks/plugins/connectivity_plus/ios`)
  - Flutter (from `Flutter`)
  - google_mobile_ads (from `.symlinks/plugins/google_mobile_ads/ios`)
  - image_picker_ios (from `.symlinks/plugins/image_picker_ios/ios`)
  - in_app_purchase_storekit (from `.symlinks/plugins/in_app_purchase_storekit/darwin`)
  - in_app_review (from `.symlinks/plugins/in_app_review/ios`)
  - path_provider_foundation (from `.symlinks/plugins/path_provider_foundation/darwin`)
  - share_plus (from `.symlinks/plugins/share_plus/ios`)
  - shared_preferences_foundation (from `.symlinks/plugins/shared_preferences_foundation/darwin`)
  - url_launcher_ios (from `.symlinks/plugins/url_launcher_ios/ios`)
  - webview_flutter_wkwebview (from `.symlinks/plugins/webview_flutter_wkwebview/darwin`)

SPEC REPOS:
  trunk:
    - Google-Mobile-Ads-SDK
    - GoogleUserMessagingPlatform

EXTERNAL SOURCES:
  advanced_in_app_review:
    :path: ".symlinks/plugins/advanced_in_app_review/ios"
  connectivity_plus:
    :path: ".symlinks/plugins/connectivity_plus/ios"
  Flutter:
    :path: Flutter
  google_mobile_ads:
    :path: ".symlinks/plugins/google_mobile_ads/ios"
  image_picker_ios:
    :path: ".symlinks/plugins/image_picker_ios/ios"
  in_app_purchase_storekit:
    :path: ".symlinks/plugins/in_app_purchase_storekit/darwin"
  in_app_review:
    :path: ".symlinks/plugins/in_app_review/ios"
  path_provider_foundation:
    :path: ".symlinks/plugins/path_provider_foundation/darwin"
  share_plus:
    :path: ".symlinks/plugins/share_plus/ios"
  shared_preferences_foundation:
    :path: ".symlinks/plugins/shared_preferences_foundation/darwin"
  url_launcher_ios:
    :path: ".symlinks/plugins/url_launcher_ios/ios"
  webview_flutter_wkwebview:
    :path: ".symlinks/plugins/webview_flutter_wkwebview/darwin"

SPEC CHECKSUMS:
  advanced_in_app_review: daebe4c801525b756fe589de60fd327cb12f965c
  connectivity_plus: cb623214f4e1f6ef8fe7403d580fdad517d2f7dd
  Flutter: cabc95a1d2626b1b06e7179b784ebcf0c0cde467
  Google-Mobile-Ads-SDK: 14f57f2dc33532a24db288897e26494640810407
  google_mobile_ads: 16ad301354fa6a7ea55770c6254bd4339bf8558b
  GoogleUserMessagingPlatform: f8d0cdad3ca835406755d0a69aa634f00e76d576
  image_picker_ios: e0ece4aa2a75771a7de3fa735d26d90817041326
  in_app_purchase_storekit: 22cca7d08eebca9babdf4d07d0baccb73325d3c8
  in_app_review: 7dd1ea365263f834b8464673f9df72c80c17c937
  path_provider_foundation: 080d55be775b7414fd5a5ef3ac137b97b097e564
  share_plus: 50da8cb520a8f0f65671c6c6a99b3617ed10a58a
  shared_preferences_foundation: 9e1978ff2562383bd5676f64ec4e9aa8fa06a6f7
  url_launcher_ios: 694010445543906933d732453a59da0a173ae33d
  webview_flutter_wkwebview: 8ebf4fded22593026f7dbff1fbff31ea98573c8d

PODFILE CHECKSUM: 3c63482e143d1b91d2d2560aee9fb04ecc74ac7e

COCOAPODS: 1.16.2
